// !$*UTF8*$!
{
	archiveVersion = 1;
	classes = {
	};
	objectVersion = 46;
	objects = {

/* Begin PBXBuildFile section */
		373B1AF51B33AF9C005C0782 /* are-you-ready--top.png in Resources */ = {isa = PBXBuildFile; fileRef = 373B1AF41B33AF9C005C0782 /* are-you-ready--top.png */; };
		374AD18D1B345ACA0056BA27 /* are-you-ready--second.png in Resources */ = {isa = PBXBuildFile; fileRef = 374AD18C1B345ACA0056BA27 /* are-you-ready--second.png */; };
		374AD18F1B345BF40056BA27 /* are-you-ready--1-third.png in Resources */ = {isa = PBXBuildFile; fileRef = 374AD18E1B345BF40056BA27 /* are-you-ready--1-third.png */; };
		374AD1911B345BFF0056BA27 /* are-you-ready--1-fourth.png in Resources */ = {isa = PBXBuildFile; fileRef = 374AD1901B345BFF0056BA27 /* are-you-ready--1-fourth.png */; };
		374AD1931B345C0E0056BA27 /* are-you-ready--1-fifth.png in Resources */ = {isa = PBXBuildFile; fileRef = 374AD1921B345C0E0056BA27 /* are-you-ready--1-fifth.png */; };
		374AD1951B345F770056BA27 /* are-you-ready--1　first.png in Resources */ = {isa = PBXBuildFile; fileRef = 374AD1941B345F770056BA27 /* are-you-ready--1　first.png */; };
		37CAA3C21B330ED200290991 /* AppDelegate.swift in Sources */ = {isa = PBXBuildFile; fileRef = 37CAA3C11B330ED200290991 /* AppDelegate.swift */; };
		37CAA3C41B330ED200290991 /* ViewController.swift in Sources */ = {isa = PBXBuildFile; fileRef = 37CAA3C31B330ED200290991 /* ViewController.swift */; };
		37CAA3C71B330ED200290991 /* Main.storyboard in Resources */ = {isa = PBXBuildFile; fileRef = 37CAA3C51B330ED200290991 /* Main.storyboard */; };
		37CAA3C91B330ED200290991 /* Images.xcassets in Resources */ = {isa = PBXBuildFile; fileRef = 37CAA3C81B330ED200290991 /* Images.xcassets */; };
		37CAA3CC1B330ED200290991 /* LaunchScreen.xib in Resources */ = {isa = PBXBuildFile; fileRef = 37CAA3CA1B330ED200290991 /* LaunchScreen.xib */; };
		37CAA3D81B330ED200290991 /* are_you_ready_Tests.swift in Sources */ = {isa = PBXBuildFile; fileRef = 37CAA3D71B330ED200290991 /* are_you_ready_Tests.swift */; };
		37CAA3E41B33153000290991 /* are you ready? 1.ai in Resources */ = {isa = PBXBuildFile; fileRef = 37CAA3E31B33153000290991 /* are you ready? 1.ai */; };
		37DFDA0E1B3701190051D3A4 /* secondViewController.swift in Sources */ = {isa = PBXBuildFile; fileRef = 37DFDA0D1B3701190051D3A4 /* secondViewController.swift */; };
		37DFDA101B3701420051D3A4 /* thirdViewController.swift in Sources */ = {isa = PBXBuildFile; fileRef = 37DFDA0F1B3701420051D3A4 /* thirdViewController.swift */; };
		37DFDA121B37015D0051D3A4 /* fourthViewController.swift in Sources */ = {isa = PBXBuildFile; fileRef = 37DFDA111B37015D0051D3A4 /* fourthViewController.swift */; };
		37ED48E41B379D6F00B42E4D /* are-you-ready--5.png in Resources */ = {isa = PBXBuildFile; fileRef = 37ED48E31B379D6F00B42E4D /* are-you-ready--5.png */; };
		37ED48E61B379E6600B42E4D /* fifthViewController.swift in Sources */ = {isa = PBXBuildFile; fileRef = 37ED48E51B379E6600B42E4D /* fifthViewController.swift */; };
/* End PBXBuildFile section */

/* Begin PBXContainerItemProxy section */
		37CAA3D21B330ED200290991 /* PBXContainerItemProxy */ = {
			isa = PBXContainerItemProxy;
			containerPortal = 37CAA3B41B330ED200290991 /* Project object */;
			proxyType = 1;
			remoteGlobalIDString = 37CAA3BB1B330ED200290991;
			remoteInfo = "are you ready?";
		};
/* End PBXContainerItemProxy section */

/* Begin PBXFileReference section */
		373B1AF41B33AF9C005C0782 /* are-you-ready--top.png */ = {isa = PBXFileReference; lastKnownFileType = image.png; path = "are-you-ready--top.png"; sourceTree = "<group>"; };
		374AD18C1B345ACA0056BA27 /* are-you-ready--second.png */ = {isa = PBXFileReference; lastKnownFileType = image.png; path = "are-you-ready--second.png"; sourceTree = "<group>"; };
		374AD18E1B345BF40056BA27 /* are-you-ready--1-third.png */ = {isa = PBXFileReference; lastKnownFileType = image.png; path = "are-you-ready--1-third.png"; sourceTree = "<group>"; };
		374AD1901B345BFF0056BA27 /* are-you-ready--1-fourth.png */ = {isa = PBXFileReference; lastKnownFileType = image.png; path = "are-you-ready--1-fourth.png"; sourceTree = "<group>"; };
		374AD1921B345C0E0056BA27 /* are-you-ready--1-fifth.png */ = {isa = PBXFileReference; lastKnownFileType = image.png; path = "are-you-ready--1-fifth.png"; sourceTree = "<group>"; };
		374AD1941B345F770056BA27 /* are-you-ready--1　first.png */ = {isa = PBXFileReference; lastKnownFileType = image.png; path = "are-you-ready--1　first.png"; sourceTree = "<group>"; };
		37CAA3BC1B330ED200290991 /* are you ready?.app */ = {isa = PBXFileReference; explicitFileType = wrapper.application; includeInIndex = 0; path = "are you ready?.app"; sourceTree = BUILT_PRODUCTS_DIR; };
		37CAA3C01B330ED200290991 /* Info.plist */ = {isa = PBXFileReference; lastKnownFileType = text.plist.xml; path = Info.plist; sourceTree = "<group>"; };
		37CAA3C11B330ED200290991 /* AppDelegate.swift */ = {isa = PBXFileReference; lastKnownFileType = sourcecode.swift; path = AppDelegate.swift; sourceTree = "<group>"; };
		37CAA3C31B330ED200290991 /* ViewController.swift */ = {isa = PBXFileReference; lastKnownFileType = sourcecode.swift; path = ViewController.swift; sourceTree = "<group>"; };
		37CAA3C61B330ED200290991 /* Base */ = {isa = PBXFileReference; lastKnownFileType = file.storyboard; name = Base; path = Base.lproj/Main.storyboard; sourceTree = "<group>"; };
		37CAA3C81B330ED200290991 /* Images.xcassets */ = {isa = PBXFileReference; lastKnownFileType = folder.assetcatalog; path = Images.xcassets; sourceTree = "<group>"; };
		37CAA3CB1B330ED200290991 /* Base */ = {isa = PBXFileReference; lastKnownFileType = file.xib; name = Base; path = Base.lproj/LaunchScreen.xib; sourceTree = "<group>"; };
		37CAA3D11B330ED200290991 /* are you ready?Tests.xctest */ = {isa = PBXFileReference; explicitFileType = wrapper.cfbundle; includeInIndex = 0; path = "are you ready?Tests.xctest"; sourceTree = BUILT_PRODUCTS_DIR; };
		37CAA3D61B330ED200290991 /* Info.plist */ = {isa = PBXFileReference; lastKnownFileType = text.plist.xml; path = Info.plist; sourceTree = "<group>"; };
		37CAA3D71B330ED200290991 /* are_you_ready_Tests.swift */ = {isa = PBXFileReference; lastKnownFileType = sourcecode.swift; path = are_you_ready_Tests.swift; sourceTree = "<group>"; };
		37CAA3E31B33153000290991 /* are you ready? 1.ai */ = {isa = PBXFileReference; fileEncoding = 4; lastKnownFileType = text; path = "are you ready? 1.ai"; sourceTree = "<group>"; };
		37DFDA0D1B3701190051D3A4 /* secondViewController.swift */ = {isa = PBXFileReference; fileEncoding = 4; lastKnownFileType = sourcecode.swift; name = secondViewController.swift; path = ../secondViewController.swift; sourceTree = "<group>"; };
		37DFDA0F1B3701420051D3A4 /* thirdViewController.swift */ = {isa = PBXFileReference; fileEncoding = 4; lastKnownFileType = sourcecode.swift; name = thirdViewController.swift; path = ../thirdViewController.swift; sourceTree = "<group>"; };
		37DFDA111B37015D0051D3A4 /* fourthViewController.swift */ = {isa = PBXFileReference; fileEncoding = 4; lastKnownFileType = sourcecode.swift; name = fourthViewController.swift; path = ../fourthViewController.swift; sourceTree = "<group>"; };
		37ED48E31B379D6F00B42E4D /* are-you-ready--5.png */ = {isa = PBXFileReference; lastKnownFileType = image.png; path = "are-you-ready--5.png"; sourceTree = "<group>"; };
		37ED48E51B379E6600B42E4D /* fifthViewController.swift */ = {isa = PBXFileReference; fileEncoding = 4; lastKnownFileType = sourcecode.swift; path = fifthViewController.swift; sourceTree = "<group>"; };
/* End PBXFileReference section */

/* Begin PBXFrameworksBuildPhase section */
		37CAA3B91B330ED200290991 /* Frameworks */ = {
			isa = PBXFrameworksBuildPhase;
			buildActionMask = 2147483647;
			files = (
			);
			runOnlyForDeploymentPostprocessing = 0;
		};
		37CAA3CE1B330ED200290991 /* Frameworks */ = {
			isa = PBXFrameworksBuildPhase;
			buildActionMask = 2147483647;
			files = (
			);
			runOnlyForDeploymentPostprocessing = 0;
		};
/* End PBXFrameworksBuildPhase section */

/* Begin PBXGroup section */
		37CAA3B31B330ED200290991 = {
			isa = PBXGroup;
			children = (
				37CAA3BE1B330ED200290991 /* are you ready? */,
				37CAA3D41B330ED200290991 /* are you ready?Tests */,
				37CAA3BD1B330ED200290991 /* Products */,
			);
			sourceTree = "<group>";
		};
		37CAA3BD1B330ED200290991 /* Products */ = {
			isa = PBXGroup;
			children = (
				37CAA3BC1B330ED200290991 /* are you ready?.app */,
				37CAA3D11B330ED200290991 /* are you ready?Tests.xctest */,
			);
			name = Products;
			sourceTree = "<group>";
		};
		37CAA3BE1B330ED200290991 /* are you ready? */ = {
			isa = PBXGroup;
			children = (
				37CAA3C11B330ED200290991 /* AppDelegate.swift */,
				37CAA3C31B330ED200290991 /* ViewController.swift */,
				37CAA3C51B330ED200290991 /* Main.storyboard */,
				37ED48E51B379E6600B42E4D /* fifthViewController.swift */,
				37DFDA0D1B3701190051D3A4 /* secondViewController.swift */,
				37DFDA0F1B3701420051D3A4 /* thirdViewController.swift */,
				37ED48E31B379D6F00B42E4D /* are-you-ready--5.png */,
				37DFDA111B37015D0051D3A4 /* fourthViewController.swift */,
				374AD18E1B345BF40056BA27 /* are-you-ready--1-third.png */,
				374AD1921B345C0E0056BA27 /* are-you-ready--1-fifth.png */,
				374AD1901B345BFF0056BA27 /* are-you-ready--1-fourth.png */,
				373B1AF41B33AF9C005C0782 /* are-you-ready--top.png */,
				37CAA3E31B33153000290991 /* are you ready? 1.ai */,
				374AD1941B345F770056BA27 /* are-you-ready--1　first.png */,
				374AD18C1B345ACA0056BA27 /* are-you-ready--second.png */,
				37CAA3C81B330ED200290991 /* Images.xcassets */,
				37CAA3CA1B330ED200290991 /* LaunchScreen.xib */,
				37CAA3BF1B330ED200290991 /* Supporting Files */,
			);
			path = "are you ready?";
			sourceTree = "<group>";
		};
		37CAA3BF1B330ED200290991 /* Supporting Files */ = {
			isa = PBXGroup;
			children = (
				37CAA3C01B330ED200290991 /* Info.plist */,
			);
			name = "Supporting Files";
			sourceTree = "<group>";
		};
		37CAA3D41B330ED200290991 /* are you ready?Tests */ = {
			isa = PBXGroup;
			children = (
				37CAA3D71B330ED200290991 /* are_you_ready_Tests.swift */,
				37CAA3D51B330ED200290991 /* Supporting Files */,
			);
			path = "are you ready?Tests";
			sourceTree = "<group>";
		};
		37CAA3D51B330ED200290991 /* Supporting Files */ = {
			isa = PBXGroup;
			children = (
				37CAA3D61B330ED200290991 /* Info.plist */,
			);
			name = "Supporting Files";
			sourceTree = "<group>";
		};
/* End PBXGroup section */

/* Begin PBXNativeTarget section */
		37CAA3BB1B330ED200290991 /* are you ready? */ = {
			isa = PBXNativeTarget;
			buildConfigurationList = 37CAA3DB1B330ED200290991 /* Build configuration list for PBXNativeTarget "are you ready?" */;
			buildPhases = (
				37CAA3B81B330ED200290991 /* Sources */,
				37CAA3B91B330ED200290991 /* Frameworks */,
				37CAA3BA1B330ED200290991 /* Resources */,
			);
			buildRules = (
			);
			dependencies = (
			);
			name = "are you ready?";
			productName = "are you ready?";
			productReference = 37CAA3BC1B330ED200290991 /* are you ready?.app */;
			productType = "com.apple.product-type.application";
		};
		37CAA3D01B330ED200290991 /* are you ready?Tests */ = {
			isa = PBXNativeTarget;
			buildConfigurationList = 37CAA3DE1B330ED200290991 /* Build configuration list for PBXNativeTarget "are you ready?Tests" */;
			buildPhases = (
				37CAA3CD1B330ED200290991 /* Sources */,
				37CAA3CE1B330ED200290991 /* Frameworks */,
				37CAA3CF1B330ED200290991 /* Resources */,
			);
			buildRules = (
			);
			dependencies = (
				37CAA3D31B330ED200290991 /* PBXTargetDependency */,
			);
			name = "are you ready?Tests";
			productName = "are you ready?Tests";
			productReference = 37CAA3D11B330ED200290991 /* are you ready?Tests.xctest */;
			productType = "com.apple.product-type.bundle.unit-test";
		};
/* End PBXNativeTarget section */

/* Begin PBXProject section */
		37CAA3B41B330ED200290991 /* Project object */ = {
			isa = PBXProject;
			attributes = {
				LastUpgradeCheck = 0630;
				ORGANIZATIONNAME = "佐藤　玲奈";
				TargetAttributes = {
					37CAA3BB1B330ED200290991 = {
						CreatedOnToolsVersion = 6.3.2;
					};
					37CAA3D01B330ED200290991 = {
						CreatedOnToolsVersion = 6.3.2;
						TestTargetID = 37CAA3BB1B330ED200290991;
					};
				};
			};
			buildConfigurationList = 37CAA3B71B330ED200290991 /* Build configuration list for PBXProject "are you ready?" */;
			compatibilityVersion = "Xcode 3.2";
			developmentRegion = English;
			hasScannedForEncodings = 0;
			knownRegions = (
				en,
				Base,
			);
			mainGroup = 37CAA3B31B330ED200290991;
			productRefGroup = 37CAA3BD1B330ED200290991 /* Products */;
			projectDirPath = "";
			projectRoot = "";
			targets = (
				37CAA3BB1B330ED200290991 /* are you ready? */,
				37CAA3D01B330ED200290991 /* are you ready?Tests */,
			);
		};
/* End PBXProject section */

/* Begin PBXResourcesBuildPhase section */
		37CAA3BA1B330ED200290991 /* Resources */ = {
			isa = PBXResourcesBuildPhase;
			buildActionMask = 2147483647;
			files = (
				374AD1931B345C0E0056BA27 /* are-you-ready--1-fifth.png in Resources */,
				37CAA3C71B330ED200290991 /* Main.storyboard in Resources */,
				374AD18F1B345BF40056BA27 /* are-you-ready--1-third.png in Resources */,
				374AD1911B345BFF0056BA27 /* are-you-ready--1-fourth.png in Resources */,
				374AD1951B345F770056BA27 /* are-you-ready--1　first.png in Resources */,
				373B1AF51B33AF9C005C0782 /* are-you-ready--top.png in Resources */,
				37CAA3E41B33153000290991 /* are you ready? 1.ai in Resources */,
				37ED48E41B379D6F00B42E4D /* are-you-ready--5.png in Resources */,
				37CAA3CC1B330ED200290991 /* LaunchScreen.xib in Resources */,
				374AD18D1B345ACA0056BA27 /* are-you-ready--second.png in Resources */,
				37CAA3C91B330ED200290991 /* Images.xcassets in Resources */,
			);
			runOnlyForDeploymentPostprocessing = 0;
		};
		37CAA3CF1B330ED200290991 /* Resources */ = {
			isa = PBXResourcesBuildPhase;
			buildActionMask = 2147483647;
			files = (
			);
			runOnlyForDeploymentPostprocessing = 0;
		};
/* End PBXResourcesBuildPhase section */

/* Begin PBXSourcesBuildPhase section */
		37CAA3B81B330ED200290991 /* Sources */ = {
			isa = PBXSourcesBuildPhase;
			buildActionMask = 2147483647;
			files = (
				37CAA3C41B330ED200290991 /* ViewController.swift in Sources */,
				37ED48E61B379E6600B42E4D /* fifthViewController.swift in Sources */,
				37CAA3C21B330ED200290991 /* AppDelegate.swift in Sources */,
				37DFDA0E1B3701190051D3A4 /* secondViewController.swift in Sources */,
				37DFDA121B37015D0051D3A4 /* fourthViewController.swift in Sources */,
				37DFDA101B3701420051D3A4 /* thirdViewController.swift in Sources */,
			);
			runOnlyForDeploymentPostprocessing = 0;
		};
		37CAA3CD1B330ED200290991 /* Sources */ = {
			isa = PBXSourcesBuildPhase;
			buildActionMask = 2147483647;
			files = (
				37CAA3D81B330ED200290991 /* are_you_ready_Tests.swift in Sources */,
			);
			runOnlyForDeploymentPostprocessing = 0;
		};
/* End PBXSourcesBuildPhase section */

/* Begin PBXTargetDependency section */
		37CAA3D31B330ED200290991 /* PBXTargetDependency */ = {
			isa = PBXTargetDependency;
			target = 37CAA3BB1B330ED200290991 /* are you ready? */;
			targetProxy = 37CAA3D21B330ED200290991 /* PBXContainerItemProxy */;
		};
/* End PBXTargetDependency section */

/* Begin PBXVariantGroup section */
		37CAA3C51B330ED200290991 /* Main.storyboard */ = {
			isa = PBXVariantGroup;
			children = (
				37CAA3C61B330ED200290991 /* Base */,
			);
			name = Main.storyboard;
			sourceTree = "<group>";
		};
		37CAA3CA1B330ED200290991 /* LaunchScreen.xib */ = {
			isa = PBXVariantGroup;
			children = (
				37CAA3CB1B330ED200290991 /* Base */,
			);
			name = LaunchScreen.xib;
			sourceTree = "<group>";
		};
/* End PBXVariantGroup section */

/* Begin XCBuildConfiguration section */
		37CAA3D91B330ED200290991 /* Debug */ = {
			isa = XCBuildConfiguration;
			buildSettings = {
				ALWAYS_SEARCH_USER_PATHS = NO;
				CLANG_CXX_LANGUAGE_STANDARD = "gnu++0x";
				CLANG_CXX_LIBRARY = "libc++";
				CLANG_ENABLE_MODULES = YES;
				CLANG_ENABLE_OBJC_ARC = YES;
				CLANG_WARN_BOOL_CONVERSION = YES;
				CLANG_WARN_CONSTANT_CONVERSION = YES;
				CLANG_WARN_DIRECT_OBJC_ISA_USAGE = YES_ERROR;
				CLANG_WARN_EMPTY_BODY = YES;
				CLANG_WARN_ENUM_CONVERSION = YES;
				CLANG_WARN_INT_CONVERSION = YES;
				CLANG_WARN_OBJC_ROOT_CLASS = YES_ERROR;
				CLANG_WARN_UNREACHABLE_CODE = YES;
				CLANG_WARN__DUPLICATE_METHOD_MATCH = YES;
				"CODE_SIGN_IDENTITY[sdk=iphoneos*]" = "iPhone Developer";
				COPY_PHASE_STRIP = NO;
				DEBUG_INFORMATION_FORMAT = "dwarf-with-dsym";
				ENABLE_STRICT_OBJC_MSGSEND = YES;
				GCC_C_LANGUAGE_STANDARD = gnu99;
				GCC_DYNAMIC_NO_PIC = NO;
				GCC_NO_COMMON_BLOCKS = YES;
				GCC_OPTIMIZATION_LEVEL = 0;
				GCC_PREPROCESSOR_DEFINITIONS = (
					"DEBUG=1",
					"$(inherited)",
				);
				GCC_SYMBOLS_PRIVATE_EXTERN = NO;
				GCC_WARN_64_TO_32_BIT_CONVERSION = YES;
				GCC_WARN_ABOUT_RETURN_TYPE = YES_ERROR;
				GCC_WARN_UNDECLARED_SELECTOR = YES;
				GCC_WARN_UNINITIALIZED_AUTOS = YES_AGGRESSIVE;
				GCC_WARN_UNUSED_FUNCTION = YES;
				GCC_WARN_UNUSED_VARIABLE = YES;
				IPHONEOS_DEPLOYMENT_TARGET = 8.3;
				MTL_ENABLE_DEBUG_INFO = YES;
				ONLY_ACTIVE_ARCH = YES;
				SDKROOT = iphoneos;
				SWIFT_OPTIMIZATION_LEVEL = "-Onone";
			};
			name = Debug;
		};
		37CAA3DA1B330ED200290991 /* Release */ = {
			isa = XCBuildConfiguration;
			buildSettings = {
				ALWAYS_SEARCH_USER_PATHS = NO;
				CLANG_CXX_LANGUAGE_STANDARD = "gnu++0x";
				CLANG_CXX_LIBRARY = "libc++";
				CLANG_ENABLE_MODULES = YES;
				CLANG_ENABLE_OBJC_ARC = YES;
				CLANG_WARN_BOOL_CONVERSION = YES;
				CLANG_WARN_CONSTANT_CONVERSION = YES;
				CLANG_WARN_DIRECT_OBJC_ISA_USAGE = YES_ERROR;
				CLANG_WARN_EMPTY_BODY = YES;
				CLANG_WARN_ENUM_CONVERSION = YES;
				CLANG_WARN_INT_CONVERSION = YES;
				CLANG_WARN_OBJC_ROOT_CLASS = YES_ERROR;
				CLANG_WARN_UNREACHABLE_CODE = YES;
				CLANG_WARN__DUPLICATE_METHOD_MATCH = YES;
				"CODE_SIGN_IDENTITY[sdk=iphoneos*]" = "iPhone Developer";
				COPY_PHASE_STRIP = NO;
				DEBUG_INFORMATION_FORMAT = "dwarf-with-dsym";
				ENABLE_NS_ASSERTIONS = NO;
				ENABLE_STRICT_OBJC_MSGSEND = YES;
				GCC_C_LANGUAGE_STANDARD = gnu99;
				GCC_NO_COMMON_BLOCKS = YES;
				GCC_WARN_64_TO_32_BIT_CONVERSION = YES;
				GCC_WARN_ABOUT_RETURN_TYPE = YES_ERROR;
				GCC_WARN_UNDECLARED_SELECTOR = YES;
				GCC_WARN_UNINITIALIZED_AUTOS = YES_AGGRESSIVE;
				GCC_WARN_UNUSED_FUNCTION = YES;
				GCC_WARN_UNUSED_VARIABLE = YES;
				IPHONEOS_DEPLOYMENT_TARGET = 8.3;
				MTL_ENABLE_DEBUG_INFO = NO;
				SDKROOT = iphoneos;
				VALIDATE_PRODUCT = YES;
			};
			name = Release;
		};
		37CAA3DC1B330ED200290991 /* Debug */ = {
			isa = XCBuildConfiguration;
			buildSettings = {
				ASSETCATALOG_COMPILER_APPICON_NAME = AppIcon;
				INFOPLIST_FILE = "are you ready?/Info.plist";
				LD_RUNPATH_SEARCH_PATHS = "$(inherited) @executable_path/Frameworks";
				PRODUCT_NAME = "$(TARGET_NAME)";
			};
			name = Debug;
		};
		37CAA3DD1B330ED200290991 /* Release */ = {
			isa = XCBuildConfiguration;
			buildSettings = {
				ASSETCATALOG_COMPILER_APPICON_NAME = AppIcon;
				INFOPLIST_FILE = "are you ready?/Info.plist";
				LD_RUNPATH_SEARCH_PATHS = "$(inherited) @executable_path/Frameworks";
				PRODUCT_NAME = "$(TARGET_NAME)";
			};
			name = Release;
		};
		37CAA3DF1B330ED200290991 /* Debug */ = {
			isa = XCBuildConfiguration;
			buildSettings = {
				BUNDLE_LOADER = "$(TEST_HOST)";
				FRAMEWORK_SEARCH_PATHS = (
					"$(SDKROOT)/Developer/Library/Frameworks",
					"$(inherited)",
				);
				GCC_PREPROCESSOR_DEFINITIONS = (
					"DEBUG=1",
					"$(inherited)",
				);
				INFOPLIST_FILE = "are you ready?Tests/Info.plist";
				LD_RUNPATH_SEARCH_PATHS = "$(inherited) @executable_path/Frameworks @loader_path/Frameworks";
				PRODUCT_NAME = "$(TARGET_NAME)";
				TEST_HOST = "$(BUILT_PRODUCTS_DIR)/are you ready?.app/are you ready?";
			};
			name = Debug;
		};
		37CAA3E01B330ED200290991 /* Release */ = {
			isa = XCBuildConfiguration;
			buildSettings = {
				BUNDLE_LOADER = "$(TEST_HOST)";
				FRAMEWORK_SEARCH_PATHS = (
					"$(SDKROOT)/Developer/Library/Frameworks",
					"$(inherited)",
				);
				INFOPLIST_FILE = "are you ready?Tests/Info.plist";
				LD_RUNPATH_SEARCH_PATHS = "$(inherited) @executable_path/Frameworks @loader_path/Frameworks";
				PRODUCT_NAME = "$(TARGET_NAME)";
				TEST_HOST = "$(BUILT_PRODUCTS_DIR)/are you ready?.app/are you ready?";
			};
			name = Release;
		};
/* End XCBuildConfiguration section */

/* Begin XCConfigurationList section */
		37CAA3B71B330ED200290991 /* Build configuration list for PBXProject "are you ready?" */ = {
			isa = XCConfigurationList;
			buildConfigurations = (
				37CAA3D91B330ED200290991 /* Debug */,
				37CAA3DA1B330ED200290991 /* Release */,
			);
			defaultConfigurationIsVisible = 0;
			defaultConfigurationName = Release;
		};
		37CAA3DB1B330ED200290991 /* Build configuration list for PBXNativeTarget "are you ready?" */ = {
			isa = XCConfigurationList;
			buildConfigurations = (
				37CAA3DC1B330ED200290991 /* Debug */,
				37CAA3DD1B330ED200290991 /* Release */,
			);
			defaultConfigurationIsVisible = 0;
			defaultConfigurationName = Release;
		};
		37CAA3DE1B330ED200290991 /* Build configuration list for PBXNativeTarget "are you ready?Tests" */ = {
			isa = XCConfigurationList;
			buildConfigurations = (
				37CAA3DF1B330ED200290991 /* Debug */,
				37CAA3E01B330ED200290991 /* Release */,
			);
			defaultConfigurationIsVisible = 0;
			defaultConfigurationName = Release;
		};
/* End XCConfigurationList section */
	};
	rootObject = 37CAA3B41B330ED200290991 /* Project object */;
}
